
Microsoft Visual Studio Solution File, Format Version 12.00
# Visual Studio Version 16
VisualStudioVersion = 16.0.29911.84
MinimumVisualStudioVersion = 10.0.40219.1
Project("{FAE04EC0-301F-11D3-BF4B-00C04F79EFBC}") = "JobsPortal.Web.Api", "JobsPortal.Web.Api.csproj", "{DE5EF024-363B-47D9-BD62-D5C9B2685F10}"
EndProject
Project("{FAE04EC0-301F-11D3-BF4B-00C04F79EFBC}") = "JobsPortal.Business", "..\JobsPortal.Business\JobsPortal.Business.csproj", "{735FCA0A-DEA7-4089-942A-64D71BEDB28B}"
EndProject
Global
	GlobalSection(SolutionConfigurationPlatforms) = preSolution
		Debug|Any CPU = Debug|Any CPU
		Release|Any CPU = Release|Any CPU
	EndGlobalSection
	GlobalSection(ProjectConfigurationPlatforms) = postSolution
		{DE5EF024-363B-47D9-BD62-D5C9B2685F10}.Debug|Any CPU.ActiveCfg = Debug|Any CPU
		{DE5EF024-363B-47D9-BD62-D5C9B2685F10}.Debug|Any CPU.Build.0 = Debug|Any CPU
		{DE5EF024-363B-47D9-BD62-D5C9B2685F10}.Release|Any CPU.ActiveCfg = Release|Any CPU
		{DE5EF024-363B-47D9-BD62-D5C9B2685F10}.Release|Any CPU.Build.0 = Release|Any CPU
		{735FCA0A-DEA7-4089-942A-64D71BEDB28B}.Debug|Any CPU.ActiveCfg = Debug|Any CPU
		{735FCA0A-DEA7-4089-942A-64D71BEDB28B}.Debug|Any CPU.Build.0 = Debug|Any CPU
		{735FCA0A-DEA7-4089-942A-64D71BEDB28B}.Release|Any CPU.ActiveCfg = Release|Any CPU
		{735FCA0A-DEA7-4089-942A-64D71BEDB28B}.Release|Any CPU.Build.0 = Release|Any CPU
	EndGlobalSection
	GlobalSection(SolutionProperties) = preSolution
		HideSolutionNode = FALSE
	EndGlobalSection
	GlobalSection(ExtensibilityGlobals) = postSolution
		SolutionGuid = {E2258F29-34C7-4141-B857-D6B5A7F0DEEA}
	EndGlobalSection
EndGlobal
